
Microsoft Visual Studio Solution File, Format Version 12.00
# Visual Studio 15
VisualStudioVersion = 15.0.28307.421
MinimumVisualStudioVersion = 10.0.40219.1
Project("{8BC9CEB8-8B4A-11D0-8D11-00A0C91BC942}") = "r2000", "r2000\r2000.vcxproj", "{E2DB5315-1222-47DE-8342-131F578D2584}"
EndProject
Global
	GlobalSection(SolutionConfigurationPlatforms) = preSolution
		Debug|x64 = Debug|x64
		Debug|x86 = Debug|x86
		Release|x64 = Release|x64
		Release|x86 = Release|x86
	EndGlobalSection
	GlobalSection(ProjectConfigurationPlatforms) = postSolution
		{E2DB5315-1222-47DE-8342-131F578D2584}.Debug|x64.ActiveCfg = Debug|Win32
		{E2DB5315-1222-47DE-8342-131F578D2584}.Debug|x64.Build.0 = Debug|Win32
		{E2DB5315-1222-47DE-8342-131F578D2584}.Debug|x86.ActiveCfg = Debug|Win32
		{E2DB5315-1222-47DE-8342-131F578D2584}.Debug|x86.Build.0 = Debug|Win32
		{E2DB5315-1222-47DE-8342-131F578D2584}.Release|x64.ActiveCfg = Release|x64
		{E2DB5315-1222-47DE-8342-131F578D2584}.Release|x64.Build.0 = Release|x64
		{E2DB5315-1222-47DE-8342-131F578D2584}.Release|x86.ActiveCfg = Release|Win32
		{E2DB5315-1222-47DE-8342-131F578D2584}.Release|x86.Build.0 = Release|Win32
	EndGlobalSection
	GlobalSection(SolutionProperties) = preSolution
		HideSolutionNode = FALSE
	EndGlobalSection
	GlobalSection(ExtensibilityGlobals) = postSolution
		SolutionGuid = {98E473AC-6B43-485C-A200-73DDF7B53D03}
	EndGlobalSection
EndGlobal
